
Microsoft Visual Studio Solution File, Format Version 12.00
# Visual Studio 2013
VisualStudioVersion = 12.0.40629.0
MinimumVisualStudioVersion = 10.0.40219.1
Project("{FAE04EC0-301F-11D3-BF4B-00C04F79EFBC}") = "Inlining", "Inlining\Inlining.csproj", "{33CCDAC2-7A65-4B2F-9788-58297174E47F}"
EndProject
Project("{FAE04EC0-301F-11D3-BF4B-00C04F79EFBC}") = "BasicCases", "BasicCases\BasicCases.csproj", "{F1553783-5570-4AD9-8B71-D7545F9A77AF}"
EndProject
Project("{FAE04EC0-301F-11D3-BF4B-00C04F79EFBC}") = "Printing", "Printing\Printing.csproj", "{106B0503-E4FA-4F8F-A56D-98350A17DBC3}"
EndProject
Project("{FAE04EC0-301F-11D3-BF4B-00C04F79EFBC}") = "Demo", "Demo\Demo.csproj", "{AB3763A9-1661-4D1C-A753-48CF3CFBF771}"
EndProject
Project("{FAE04EC0-301F-11D3-BF4B-00C04F79EFBC}") = "Fancy! [and] (ü)", "Fancy! [and] (ü)\Fancy! [and] (ü).csproj", "{0F3901FE-0F71-48E5-B8A2-0B3B4B9D508F}"
EndProject
Global
	GlobalSection(SolutionConfigurationPlatforms) = preSolution
		Debug|Any CPU = Debug|Any CPU
		Release|Any CPU = Release|Any CPU
	EndGlobalSection
	GlobalSection(ProjectConfigurationPlatforms) = postSolution
		{33CCDAC2-7A65-4B2F-9788-58297174E47F}.Debug|Any CPU.ActiveCfg = Debug|Any CPU
		{33CCDAC2-7A65-4B2F-9788-58297174E47F}.Debug|Any CPU.Build.0 = Debug|Any CPU
		{33CCDAC2-7A65-4B2F-9788-58297174E47F}.Release|Any CPU.ActiveCfg = Release|Any CPU
		{33CCDAC2-7A65-4B2F-9788-58297174E47F}.Release|Any CPU.Build.0 = Release|Any CPU
		{F1553783-5570-4AD9-8B71-D7545F9A77AF}.Debug|Any CPU.ActiveCfg = Debug|Any CPU
		{F1553783-5570-4AD9-8B71-D7545F9A77AF}.Debug|Any CPU.Build.0 = Debug|Any CPU
		{F1553783-5570-4AD9-8B71-D7545F9A77AF}.Release|Any CPU.ActiveCfg = Release|Any CPU
		{F1553783-5570-4AD9-8B71-D7545F9A77AF}.Release|Any CPU.Build.0 = Release|Any CPU
		{106B0503-E4FA-4F8F-A56D-98350A17DBC3}.Debug|Any CPU.ActiveCfg = Debug|Any CPU
		{106B0503-E4FA-4F8F-A56D-98350A17DBC3}.Debug|Any CPU.Build.0 = Debug|Any CPU
		{106B0503-E4FA-4F8F-A56D-98350A17DBC3}.Release|Any CPU.ActiveCfg = Release|Any CPU
		{106B0503-E4FA-4F8F-A56D-98350A17DBC3}.Release|Any CPU.Build.0 = Release|Any CPU
		{AB3763A9-1661-4D1C-A753-48CF3CFBF771}.Debug|Any CPU.ActiveCfg = Debug|Any CPU
		{AB3763A9-1661-4D1C-A753-48CF3CFBF771}.Debug|Any CPU.Build.0 = Debug|Any CPU
		{AB3763A9-1661-4D1C-A753-48CF3CFBF771}.Release|Any CPU.ActiveCfg = Release|Any CPU
		{AB3763A9-1661-4D1C-A753-48CF3CFBF771}.Release|Any CPU.Build.0 = Release|Any CPU
		{0F3901FE-0F71-48E5-B8A2-0B3B4B9D508F}.Debug|Any CPU.ActiveCfg = Debug|Any CPU
		{0F3901FE-0F71-48E5-B8A2-0B3B4B9D508F}.Debug|Any CPU.Build.0 = Debug|Any CPU
		{0F3901FE-0F71-48E5-B8A2-0B3B4B9D508F}.Release|Any CPU.ActiveCfg = Release|Any CPU
		{0F3901FE-0F71-48E5-B8A2-0B3B4B9D508F}.Release|Any CPU.Build.0 = Release|Any CPU
	EndGlobalSection
	GlobalSection(SolutionProperties) = preSolution
		HideSolutionNode = FALSE
	EndGlobalSection
EndGlobal
